
Microsoft Visual Studio Solution File, Format Version 12.00
# Visual Studio Version 16
VisualStudioVersion = 16.0.31729.503
MinimumVisualStudioVersion = 10.0.40219.1
Project("{FAE04EC0-301F-11D3-BF4B-00C04F79EFBC}") = "IhorTheBot", "IhorTheBot.csproj", "{B274EAFA-5FF7-4B48-98F7-71B4C8A665DA}"
EndProject
Global
	GlobalSection(SolutionConfigurationPlatforms) = preSolution
		Debug|Any CPU = Debug|Any CPU
		Release|Any CPU = Release|Any CPU
	EndGlobalSection
	GlobalSection(ProjectConfigurationPlatforms) = postSolution
		{B274EAFA-5FF7-4B48-98F7-71B4C8A665DA}.Debug|Any CPU.ActiveCfg = Debug|Any CPU
		{B274EAFA-5FF7-4B48-98F7-71B4C8A665DA}.Debug|Any CPU.Build.0 = Debug|Any CPU
		{B274EAFA-5FF7-4B48-98F7-71B4C8A665DA}.Release|Any CPU.ActiveCfg = Release|Any CPU
		{B274EAFA-5FF7-4B48-98F7-71B4C8A665DA}.Release|Any CPU.Build.0 = Release|Any CPU
	EndGlobalSection
	GlobalSection(SolutionProperties) = preSolution
		HideSolutionNode = FALSE
	EndGlobalSection
	GlobalSection(ExtensibilityGlobals) = postSolution
		SolutionGuid = {24FD9222-C300-474C-9D87-0BB78B43B09D}
	EndGlobalSection
EndGlobal
